// !$*UTF8*$!
{
	archiveVersion = 1;
	classes = {
	};
	objectVersion = 56;
	objects = {

/* Begin PBXBuildFile section */
		5724B85A2C3DC9C800D7F29A /* CharKataReaderApp.swift in Sources */ = {isa = PBXBuildFile; fileRef = 5724B8592C3DC9C800D7F29A /* CharKataReaderApp.swift */; };
		5724B85C2C3DC9C800D7F29A /* ContentView.swift in Sources */ = {isa = PBXBuildFile; fileRef = 5724B85B2C3DC9C800D7F29A /* ContentView.swift */; };
		5724B85E2C3DC9C900D7F29A /* Assets.xcassets in Resources */ = {isa = PBXBuildFile; fileRef = 5724B85D2C3DC9C900D7F29A /* Assets.xcassets */; };
		5724B8612C3DC9C900D7F29A /* Preview Assets.xcassets in Resources */ = {isa = PBXBuildFile; fileRef = 5724B8602C3DC9C900D7F29A /* Preview Assets.xcassets */; };
		5724B86B2C3DC9C900D7F29A /* CharKataReaderTests.swift in Sources */ = {isa = PBXBuildFile; fileRef = 5724B86A2C3DC9C900D7F29A /* CharKataReaderTests.swift */; };
		5724B8752C3DC9C900D7F29A /* CharKataReaderUITests.swift in Sources */ = {isa = PBXBuildFile; fileRef = 5724B8742C3DC9C900D7F29A /* CharKataReaderUITests.swift */; };
		5724B8772C3DC9C900D7F29A /* CharKataReaderUITestsLaunchTests.swift in Sources */ = {isa = PBXBuildFile; fileRef = 5724B8762C3DC9C900D7F29A /* CharKataReaderUITestsLaunchTests.swift */; };
/* End PBXBuildFile section */

/* Begin PBXContainerItemProxy section */
		5724B8672C3DC9C900D7F29A /* PBXContainerItemProxy */ = {
			isa = PBXContainerItemProxy;
			containerPortal = 5724B84E2C3DC9C800D7F29A /* Project object */;
			proxyType = 1;
			remoteGlobalIDString = 5724B8552C3DC9C800D7F29A;
			remoteInfo = CharKataReader;
		};
		5724B8712C3DC9C900D7F29A /* PBXContainerItemProxy */ = {
			isa = PBXContainerItemProxy;
			containerPortal = 5724B84E2C3DC9C800D7F29A /* Project object */;
			proxyType = 1;
			remoteGlobalIDString = 5724B8552C3DC9C800D7F29A;
			remoteInfo = CharKataReader;
		};
/* End PBXContainerItemProxy section */

/* Begin PBXFileReference section */
		5724B8562C3DC9C800D7F29A /* CharKataReader.app */ = {isa = PBXFileReference; explicitFileType = wrapper.application; includeInIndex = 0; path = CharKataReader.app; sourceTree = BUILT_PRODUCTS_DIR; };
		5724B8592C3DC9C800D7F29A /* CharKataReaderApp.swift */ = {isa = PBXFileReference; lastKnownFileType = sourcecode.swift; path = CharKataReaderApp.swift; sourceTree = "<group>"; };
		5724B85B2C3DC9C800D7F29A /* ContentView.swift */ = {isa = PBXFileReference; lastKnownFileType = sourcecode.swift; path = ContentView.swift; sourceTree = "<group>"; };
		5724B85D2C3DC9C900D7F29A /* Assets.xcassets */ = {isa = PBXFileReference; lastKnownFileType = folder.assetcatalog; path = Assets.xcassets; sourceTree = "<group>"; };
		5724B8602C3DC9C900D7F29A /* Preview Assets.xcassets */ = {isa = PBXFileReference; lastKnownFileType = folder.assetcatalog; path = "Preview Assets.xcassets"; sourceTree = "<group>"; };
		5724B8662C3DC9C900D7F29A /* CharKataReaderTests.xctest */ = {isa = PBXFileReference; explicitFileType = wrapper.cfbundle; includeInIndex = 0; path = CharKataReaderTests.xctest; sourceTree = BUILT_PRODUCTS_DIR; };
		5724B86A2C3DC9C900D7F29A /* CharKataReaderTests.swift */ = {isa = PBXFileReference; lastKnownFileType = sourcecode.swift; path = CharKataReaderTests.swift; sourceTree = "<group>"; };
		5724B8702C3DC9C900D7F29A /* CharKataReaderUITests.xctest */ = {isa = PBXFileReference; explicitFileType = wrapper.cfbundle; includeInIndex = 0; path = CharKataReaderUITests.xctest; sourceTree = BUILT_PRODUCTS_DIR; };
		5724B8742C3DC9C900D7F29A /* CharKataReaderUITests.swift */ = {isa = PBXFileReference; lastKnownFileType = sourcecode.swift; path = CharKataReaderUITests.swift; sourceTree = "<group>"; };
		5724B8762C3DC9C900D7F29A /* CharKataReaderUITestsLaunchTests.swift */ = {isa = PBXFileReference; lastKnownFileType = sourcecode.swift; path = CharKataReaderUITestsLaunchTests.swift; sourceTree = "<group>"; };
/* End PBXFileReference section */

/* Begin PBXFrameworksBuildPhase section */
		5724B8532C3DC9C800D7F29A /* Frameworks */ = {
			isa = PBXFrameworksBuildPhase;
			buildActionMask = 2147483647;
			files = (
			);
			runOnlyForDeploymentPostprocessing = 0;
		};
		5724B8632C3DC9C900D7F29A /* Frameworks */ = {
			isa = PBXFrameworksBuildPhase;
			buildActionMask = 2147483647;
			files = (
			);
			runOnlyForDeploymentPostprocessing = 0;
		};
		5724B86D2C3DC9C900D7F29A /* Frameworks */ = {
			isa = PBXFrameworksBuildPhase;
			buildActionMask = 2147483647;
			files = (
			);
			runOnlyForDeploymentPostprocessing = 0;
		};
/* End PBXFrameworksBuildPhase section */

/* Begin PBXGroup section */
		5724B84D2C3DC9C800D7F29A = {
			isa = PBXGroup;
			children = (
				5724B8582C3DC9C800D7F29A /* CharKataReader */,
				5724B8692C3DC9C900D7F29A /* CharKataReaderTests */,
				5724B8732C3DC9C900D7F29A /* CharKataReaderUITests */,
				5724B8572C3DC9C800D7F29A /* Products */,
			);
			sourceTree = "<group>";
		};
		5724B8572C3DC9C800D7F29A /* Products */ = {
			isa = PBXGroup;
			children = (
				5724B8562C3DC9C800D7F29A /* CharKataReader.app */,
				5724B8662C3DC9C900D7F29A /* CharKataReaderTests.xctest */,
				5724B8702C3DC9C900D7F29A /* CharKataReaderUITests.xctest */,
			);
			name = Products;
			sourceTree = "<group>";
		};
		5724B8582C3DC9C800D7F29A /* CharKataReader */ = {
			isa = PBXGroup;
			children = (
				5724B8592C3DC9C800D7F29A /* CharKataReaderApp.swift */,
				5724B85B2C3DC9C800D7F29A /* ContentView.swift */,
				5724B85D2C3DC9C900D7F29A /* Assets.xcassets */,
				5724B85F2C3DC9C900D7F29A /* Preview Content */,
			);
			path = CharKataReader;
			sourceTree = "<group>";
		};
		5724B85F2C3DC9C900D7F29A /* Preview Content */ = {
			isa = PBXGroup;
			children = (
				5724B8602C3DC9C900D7F29A /* Preview Assets.xcassets */,
			);
			path = "Preview Content";
			sourceTree = "<group>";
		};
		5724B8692C3DC9C900D7F29A /* CharKataReaderTests */ = {
			isa = PBXGroup;
			children = (
				5724B86A2C3DC9C900D7F29A /* CharKataReaderTests.swift */,
			);
			path = CharKataReaderTests;
			sourceTree = "<group>";
		};
		5724B8732C3DC9C900D7F29A /* CharKataReaderUITests */ = {
			isa = PBXGroup;
			children = (
				5724B8742C3DC9C900D7F29A /* CharKataReaderUITests.swift */,
				5724B8762C3DC9C900D7F29A /* CharKataReaderUITestsLaunchTests.swift */,
			);
			path = CharKataReaderUITests;
			sourceTree = "<group>";
		};
/* End PBXGroup section */

/* Begin PBXNativeTarget section */
		5724B8552C3DC9C800D7F29A /* CharKataReader */ = {
			isa = PBXNativeTarget;
			buildConfigurationList = 5724B87A2C3DC9C900D7F29A /* Build configuration list for PBXNativeTarget "CharKataReader" */;
			buildPhases = (
				5724B8522C3DC9C800D7F29A /* Sources */,
				5724B8532C3DC9C800D7F29A /* Frameworks */,
				5724B8542C3DC9C800D7F29A /* Resources */,
			);
			buildRules = (
			);
			dependencies = (
			);
			name = CharKataReader;
			productName = CharKataReader;
			productReference = 5724B8562C3DC9C800D7F29A /* CharKataReader.app */;
			productType = "com.apple.product-type.application";
		};
		5724B8652C3DC9C900D7F29A /* CharKataReaderTests */ = {
			isa = PBXNativeTarget;
			buildConfigurationList = 5724B87D2C3DC9C900D7F29A /* Build configuration list for PBXNativeTarget "CharKataReaderTests" */;
			buildPhases = (
				5724B8622C3DC9C900D7F29A /* Sources */,
				5724B8632C3DC9C900D7F29A /* Frameworks */,
				5724B8642C3DC9C900D7F29A /* Resources */,
			);
			buildRules = (
			);
			dependencies = (
				5724B8682C3DC9C900D7F29A /* PBXTargetDependency */,
			);
			name = CharKataReaderTests;
			productName = CharKataReaderTests;
			productReference = 5724B8662C3DC9C900D7F29A /* CharKataReaderTests.xctest */;
			productType = "com.apple.product-type.bundle.unit-test";
		};
		5724B86F2C3DC9C900D7F29A /* CharKataReaderUITests */ = {
			isa = PBXNativeTarget;
			buildConfigurationList = 5724B8802C3DC9C900D7F29A /* Build configuration list for PBXNativeTarget "CharKataReaderUITests" */;
			buildPhases = (
				5724B86C2C3DC9C900D7F29A /* Sources */,
				5724B86D2C3DC9C900D7F29A /* Frameworks */,
				5724B86E2C3DC9C900D7F29A /* Resources */,
			);
			buildRules = (
			);
			dependencies = (
				5724B8722C3DC9C900D7F29A /* PBXTargetDependency */,
			);
			name = CharKataReaderUITests;
			productName = CharKataReaderUITests;
			productReference = 5724B8702C3DC9C900D7F29A /* CharKataReaderUITests.xctest */;
			productType = "com.apple.product-type.bundle.ui-testing";
		};
/* End PBXNativeTarget section */

/* Begin PBXProject section */
		5724B84E2C3DC9C800D7F29A /* Project object */ = {
			isa = PBXProject;
			attributes = {
				BuildIndependentTargetsInParallel = 1;
				LastSwiftUpdateCheck = 1540;
				LastUpgradeCheck = 1540;
				TargetAttributes = {
					5724B8552C3DC9C800D7F29A = {
						CreatedOnToolsVersion = 15.4;
					};
					5724B8652C3DC9C900D7F29A = {
						CreatedOnToolsVersion = 15.4;
						TestTargetID = 5724B8552C3DC9C800D7F29A;
					};
					5724B86F2C3DC9C900D7F29A = {
						CreatedOnToolsVersion = 15.4;
						TestTargetID = 5724B8552C3DC9C800D7F29A;
					};
				};
			};
			buildConfigurationList = 5724B8512C3DC9C800D7F29A /* Build configuration list for PBXProject "CharKataReader" */;
			compatibilityVersion = "Xcode 14.0";
			developmentRegion = en;
			hasScannedForEncodings = 0;
			knownRegions = (
				en,
				Base,
			);
			mainGroup = 5724B84D2C3DC9C800D7F29A;
			productRefGroup = 5724B8572C3DC9C800D7F29A /* Products */;
			projectDirPath = "";
			projectRoot = "";
			targets = (
				5724B8552C3DC9C800D7F29A /* CharKataReader */,
				5724B8652C3DC9C900D7F29A /* CharKataReaderTests */,
				5724B86F2C3DC9C900D7F29A /* CharKataReaderUITests */,
			);
		};
/* End PBXProject section */

/* Begin PBXResourcesBuildPhase section */
		5724B8542C3DC9C800D7F29A /* Resources */ = {
			isa = PBXResourcesBuildPhase;
			buildActionMask = 2147483647;
			files = (
				5724B8612C3DC9C900D7F29A /* Preview Assets.xcassets in Resources */,
				5724B85E2C3DC9C900D7F29A /* Assets.xcassets in Resources */,
			);
			runOnlyForDeploymentPostprocessing = 0;
		};
		5724B8642C3DC9C900D7F29A /* Resources */ = {
			isa = PBXResourcesBuildPhase;
			buildActionMask = 2147483647;
			files = (
			);
			runOnlyForDeploymentPostprocessing = 0;
		};
		5724B86E2C3DC9C900D7F29A /* Resources */ = {
			isa = PBXResourcesBuildPhase;
			buildActionMask = 2147483647;
			files = (
			);
			runOnlyForDeploymentPostprocessing = 0;
		};
/* End PBXResourcesBuildPhase section */

/* Begin PBXSourcesBuildPhase section */
		5724B8522C3DC9C800D7F29A /* Sources */ = {
			isa = PBXSourcesBuildPhase;
			buildActionMask = 2147483647;
			files = (
				5724B85C2C3DC9C800D7F29A /* ContentView.swift in Sources */,
				5724B85A2C3DC9C800D7F29A /* CharKataReaderApp.swift in Sources */,
			);
			runOnlyForDeploymentPostprocessing = 0;
		};
		5724B8622C3DC9C900D7F29A /* Sources */ = {
			isa = PBXSourcesBuildPhase;
			buildActionMask = 2147483647;
			files = (
				5724B86B2C3DC9C900D7F29A /* CharKataReaderTests.swift in Sources */,
			);
			runOnlyForDeploymentPostprocessing = 0;
		};
		5724B86C2C3DC9C900D7F29A /* Sources */ = {
			isa = PBXSourcesBuildPhase;
			buildActionMask = 2147483647;
			files = (
				5724B8772C3DC9C900D7F29A /* CharKataReaderUITestsLaunchTests.swift in Sources */,
				5724B8752C3DC9C900D7F29A /* CharKataReaderUITests.swift in Sources */,
			);
			runOnlyForDeploymentPostprocessing = 0;
		};
/* End PBXSourcesBuildPhase section */

/* Begin PBXTargetDependency section */
		5724B8682C3DC9C900D7F29A /* PBXTargetDependency */ = {
			isa = PBXTargetDependency;
			target = 5724B8552C3DC9C800D7F29A /* CharKataReader */;
			targetProxy = 5724B8672C3DC9C900D7F29A /* PBXContainerItemProxy */;
		};
		5724B8722C3DC9C900D7F29A /* PBXTargetDependency */ = {
			isa = PBXTargetDependency;
			target = 5724B8552C3DC9C800D7F29A /* CharKataReader */;
			targetProxy = 5724B8712C3DC9C900D7F29A /* PBXContainerItemProxy */;
		};
/* End PBXTargetDependency section */

/* Begin XCBuildConfiguration section */
		5724B8782C3DC9C900D7F29A /* Debug */ = {
			isa = XCBuildConfiguration;
			buildSettings = {
				ALWAYS_SEARCH_USER_PATHS = NO;
				ASSETCATALOG_COMPILER_GENERATE_SWIFT_ASSET_SYMBOL_EXTENSIONS = YES;
				CLANG_ANALYZER_NONNULL = YES;
				CLANG_ANALYZER_NUMBER_OBJECT_CONVERSION = YES_AGGRESSIVE;
				CLANG_CXX_LANGUAGE_STANDARD = "gnu++20";
				CLANG_ENABLE_MODULES = YES;
				CLANG_ENABLE_OBJC_ARC = YES;
				CLANG_ENABLE_OBJC_WEAK = YES;
				CLANG_WARN_BLOCK_CAPTURE_AUTORELEASING = YES;
				CLANG_WARN_BOOL_CONVERSION = YES;
				CLANG_WARN_COMMA = YES;
				CLANG_WARN_CONSTANT_CONVERSION = YES;
				CLANG_WARN_DEPRECATED_OBJC_IMPLEMENTATIONS = YES;
				CLANG_WARN_DIRECT_OBJC_ISA_USAGE = YES_ERROR;
				CLANG_WARN_DOCUMENTATION_COMMENTS = YES;
				CLANG_WARN_EMPTY_BODY = YES;
				CLANG_WARN_ENUM_CONVERSION = YES;
				CLANG_WARN_INFINITE_RECURSION = YES;
				CLANG_WARN_INT_CONVERSION = YES;
				CLANG_WARN_NON_LITERAL_NULL_CONVERSION = YES;
				CLANG_WARN_OBJC_IMPLICIT_RETAIN_SELF = YES;
				CLANG_WARN_OBJC_LITERAL_CONVERSION = YES;
				CLANG_WARN_OBJC_ROOT_CLASS = YES_ERROR;
				CLANG_WARN_QUOTED_INCLUDE_IN_FRAMEWORK_HEADER = YES;
				CLANG_WARN_RANGE_LOOP_ANALYSIS = YES;
				CLANG_WARN_STRICT_PROTOTYPES = YES;
				CLANG_WARN_SUSPICIOUS_MOVE = YES;
				CLANG_WARN_UNGUARDED_AVAILABILITY = YES_AGGRESSIVE;
				CLANG_WARN_UNREACHABLE_CODE = YES;
				CLANG_WARN__DUPLICATE_METHOD_MATCH = YES;
				COPY_PHASE_STRIP = NO;
				DEBUG_INFORMATION_FORMAT = dwarf;
				ENABLE_STRICT_OBJC_MSGSEND = YES;
				ENABLE_TESTABILITY = YES;
				ENABLE_USER_SCRIPT_SANDBOXING = YES;
				GCC_C_LANGUAGE_STANDARD = gnu17;
				GCC_DYNAMIC_NO_PIC = NO;
				GCC_NO_COMMON_BLOCKS = YES;
				GCC_OPTIMIZATION_LEVEL = 0;
				GCC_PREPROCESSOR_DEFINITIONS = (
					"DEBUG=1",
					"$(inherited)",
				);
				GCC_WARN_64_TO_32_BIT_CONVERSION = YES;
				GCC_WARN_ABOUT_RETURN_TYPE = YES_ERROR;
				GCC_WARN_UNDECLARED_SELECTOR = YES;
				GCC_WARN_UNINITIALIZED_AUTOS = YES_AGGRESSIVE;
				GCC_WARN_UNUSED_FUNCTION = YES;
				GCC_WARN_UNUSED_VARIABLE = YES;
				IPHONEOS_DEPLOYMENT_TARGET = 17.5;
				LOCALIZATION_PREFERS_STRING_CATALOGS = YES;
				MTL_ENABLE_DEBUG_INFO = INCLUDE_SOURCE;
				MTL_FAST_MATH = YES;
				ONLY_ACTIVE_ARCH = YES;
				SDKROOT = iphoneos;
				SWIFT_ACTIVE_COMPILATION_CONDITIONS = "DEBUG $(inherited)";
				SWIFT_OPTIMIZATION_LEVEL = "-Onone";
			};
			name = Debug;
		};
		5724B8792C3DC9C900D7F29A /* Release */ = {
			isa = XCBuildConfiguration;
			buildSettings = {
				ALWAYS_SEARCH_USER_PATHS = NO;
				ASSETCATALOG_COMPILER_GENERATE_SWIFT_ASSET_SYMBOL_EXTENSIONS = YES;
				CLANG_ANALYZER_NONNULL = YES;
				CLANG_ANALYZER_NUMBER_OBJECT_CONVERSION = YES_AGGRESSIVE;
				CLANG_CXX_LANGUAGE_STANDARD = "gnu++20";
				CLANG_ENABLE_MODULES = YES;
				CLANG_ENABLE_OBJC_ARC = YES;
				CLANG_ENABLE_OBJC_WEAK = YES;
				CLANG_WARN_BLOCK_CAPTURE_AUTORELEASING = YES;
				CLANG_WARN_BOOL_CONVERSION = YES;
				CLANG_WARN_COMMA = YES;
				CLANG_WARN_CONSTANT_CONVERSION = YES;
				CLANG_WARN_DEPRECATED_OBJC_IMPLEMENTATIONS = YES;
				CLANG_WARN_DIRECT_OBJC_ISA_USAGE = YES_ERROR;
				CLANG_WARN_DOCUMENTATION_COMMENTS = YES;
				CLANG_WARN_EMPTY_BODY = YES;
				CLANG_WARN_ENUM_CONVERSION = YES;
				CLANG_WARN_INFINITE_RECURSION = YES;
				CLANG_WARN_INT_CONVERSION = YES;
				CLANG_WARN_NON_LITERAL_NULL_CONVERSION = YES;
				CLANG_WARN_OBJC_IMPLICIT_RETAIN_SELF = YES;
				CLANG_WARN_OBJC_LITERAL_CONVERSION = YES;
				CLANG_WARN_OBJC_ROOT_CLASS = YES_ERROR;
				CLANG_WARN_QUOTED_INCLUDE_IN_FRAMEWORK_HEADER = YES;
				CLANG_WARN_RANGE_LOOP_ANALYSIS = YES;
				CLANG_WARN_STRICT_PROTOTYPES = YES;
				CLANG_WARN_SUSPICIOUS_MOVE = YES;
				CLANG_WARN_UNGUARDED_AVAILABILITY = YES_AGGRESSIVE;
				CLANG_WARN_UNREACHABLE_CODE = YES;
				CLANG_WARN__DUPLICATE_METHOD_MATCH = YES;
				COPY_PHASE_STRIP = NO;
				DEBUG_INFORMATION_FORMAT = "dwarf-with-dsym";
				ENABLE_NS_ASSERTIONS = NO;
				ENABLE_STRICT_OBJC_MSGSEND = YES;
				ENABLE_USER_SCRIPT_SANDBOXING = YES;
				GCC_C_LANGUAGE_STANDARD = gnu17;
				GCC_NO_COMMON_BLOCKS = YES;
				GCC_WARN_64_TO_32_BIT_CONVERSION = YES;
				GCC_WARN_ABOUT_RETURN_TYPE = YES_ERROR;
				GCC_WARN_UNDECLARED_SELECTOR = YES;
				GCC_WARN_UNINITIALIZED_AUTOS = YES_AGGRESSIVE;
				GCC_WARN_UNUSED_FUNCTION = YES;
				GCC_WARN_UNUSED_VARIABLE = YES;
				IPHONEOS_DEPLOYMENT_TARGET = 17.5;
				LOCALIZATION_PREFERS_STRING_CATALOGS = YES;
				MTL_ENABLE_DEBUG_INFO = NO;
				MTL_FAST_MATH = YES;
				SDKROOT = iphoneos;
				SWIFT_COMPILATION_MODE = wholemodule;
				VALIDATE_PRODUCT = YES;
			};
			name = Release;
		};
		5724B87B2C3DC9C900D7F29A /* Debug */ = {
			isa = XCBuildConfiguration;
			buildSettings = {
				ASSETCATALOG_COMPILER_APPICON_NAME = AppIcon;
				ASSETCATALOG_COMPILER_GLOBAL_ACCENT_COLOR_NAME = AccentColor;
				CODE_SIGN_STYLE = Automatic;
				CURRENT_PROJECT_VERSION = 1;
				DEVELOPMENT_ASSET_PATHS = "\"CharKataReader/Preview Content\"";
				DEVELOPMENT_TEAM = FARSV6438P;
				ENABLE_PREVIEWS = YES;
				GENERATE_INFOPLIST_FILE = YES;
				INFOPLIST_KEY_UIApplicationSceneManifest_Generation = YES;
				INFOPLIST_KEY_UIApplicationSupportsIndirectInputEvents = YES;
				INFOPLIST_KEY_UILaunchScreen_Generation = YES;
				INFOPLIST_KEY_UISupportedInterfaceOrientations_iPad = "UIInterfaceOrientationPortrait UIInterfaceOrientationPortraitUpsideDown UIInterfaceOrientationLandscapeLeft UIInterfaceOrientationLandscapeRight";
				INFOPLIST_KEY_UISupportedInterfaceOrientations_iPhone = "UIInterfaceOrientationPortrait UIInterfaceOrientationLandscapeLeft UIInterfaceOrientationLandscapeRight";
				LD_RUNPATH_SEARCH_PATHS = (
					"$(inherited)",
					"@executable_path/Frameworks",
				);
				MARKETING_VERSION = 1.0;
				PRODUCT_BUNDLE_IDENTIFIER = com.govender.kevashan.CharKataReader;
				PRODUCT_NAME = "$(TARGET_NAME)";
				SWIFT_EMIT_LOC_STRINGS = YES;
				SWIFT_VERSION = 5.0;
				TARGETED_DEVICE_FAMILY = "1,2";
			};
			name = Debug;
		};
		5724B87C2C3DC9C900D7F29A /* Release */ = {
			isa = XCBuildConfiguration;
			buildSettings = {
				ASSETCATALOG_COMPILER_APPICON_NAME = AppIcon;
				ASSETCATALOG_COMPILER_GLOBAL_ACCENT_COLOR_NAME = AccentColor;
				CODE_SIGN_STYLE = Automatic;
				CURRENT_PROJECT_VERSION = 1;
				DEVELOPMENT_ASSET_PATHS = "\"CharKataReader/Preview Content\"";
				DEVELOPMENT_TEAM = FARSV6438P;
				ENABLE_PREVIEWS = YES;
				GENERATE_INFOPLIST_FILE = YES;
				INFOPLIST_KEY_UIApplicationSceneManifest_Generation = YES;
				INFOPLIST_KEY_UIApplicationSupportsIndirectInputEvents = YES;
				INFOPLIST_KEY_UILaunchScreen_Generation = YES;
				INFOPLIST_KEY_UISupportedInterfaceOrientations_iPad = "UIInterfaceOrientationPortrait UIInterfaceOrientationPortraitUpsideDown UIInterfaceOrientationLandscapeLeft UIInterfaceOrientationLandscapeRight";
				INFOPLIST_KEY_UISupportedInterfaceOrientations_iPhone = "UIInterfaceOrientationPortrait UIInterfaceOrientationLandscapeLeft UIInterfaceOrientationLandscapeRight";
				LD_RUNPATH_SEARCH_PATHS = (
					"$(inherited)",
					"@executable_path/Frameworks",
				);
				MARKETING_VERSION = 1.0;
				PRODUCT_BUNDLE_IDENTIFIER = com.govender.kevashan.CharKataReader;
				PRODUCT_NAME = "$(TARGET_NAME)";
				SWIFT_EMIT_LOC_STRINGS = YES;
				SWIFT_VERSION = 5.0;
				TARGETED_DEVICE_FAMILY = "1,2";
			};
			name = Release;
		};
		5724B87E2C3DC9C900D7F29A /* Debug */ = {
			isa = XCBuildConfiguration;
			buildSettings = {
				ALWAYS_EMBED_SWIFT_STANDARD_LIBRARIES = YES;
				BUNDLE_LOADER = "$(TEST_HOST)";
				CODE_SIGN_STYLE = Automatic;
				CURRENT_PROJECT_VERSION = 1;
				DEVELOPMENT_TEAM = FARSV6438P;
				GENERATE_INFOPLIST_FILE = YES;
				IPHONEOS_DEPLOYMENT_TARGET = 17.5;
				MARKETING_VERSION = 1.0;
				PRODUCT_BUNDLE_IDENTIFIER = com.govender.kevashan.CharKataReaderTests;
				PRODUCT_NAME = "$(TARGET_NAME)";
				SWIFT_EMIT_LOC_STRINGS = NO;
				SWIFT_VERSION = 5.0;
				TARGETED_DEVICE_FAMILY = "1,2";
				TEST_HOST = "$(BUILT_PRODUCTS_DIR)/CharKataReader.app/$(BUNDLE_EXECUTABLE_FOLDER_PATH)/CharKataReader";
			};
			name = Debug;
		};
		5724B87F2C3DC9C900D7F29A /* Release */ = {
			isa = XCBuildConfiguration;
			buildSettings = {
				ALWAYS_EMBED_SWIFT_STANDARD_LIBRARIES = YES;
				BUNDLE_LOADER = "$(TEST_HOST)";
				CODE_SIGN_STYLE = Automatic;
				CURRENT_PROJECT_VERSION = 1;
				DEVELOPMENT_TEAM = FARSV6438P;
				GENERATE_INFOPLIST_FILE = YES;
				IPHONEOS_DEPLOYMENT_TARGET = 17.5;
				MARKETING_VERSION = 1.0;
				PRODUCT_BUNDLE_IDENTIFIER = com.govender.kevashan.CharKataReaderTests;
				PRODUCT_NAME = "$(TARGET_NAME)";
				SWIFT_EMIT_LOC_STRINGS = NO;
				SWIFT_VERSION = 5.0;
				TARGETED_DEVICE_FAMILY = "1,2";
				TEST_HOST = "$(BUILT_PRODUCTS_DIR)/CharKataReader.app/$(BUNDLE_EXECUTABLE_FOLDER_PATH)/CharKataReader";
			};
			name = Release;
		};
		5724B8812C3DC9C900D7F29A /* Debug */ = {
			isa = XCBuildConfiguration;
			buildSettings = {
				ALWAYS_EMBED_SWIFT_STANDARD_LIBRARIES = YES;
				CODE_SIGN_STYLE = Automatic;
				CURRENT_PROJECT_VERSION = 1;
				DEVELOPMENT_TEAM = FARSV6438P;
				GENERATE_INFOPLIST_FILE = YES;
				MARKETING_VERSION = 1.0;
				PRODUCT_BUNDLE_IDENTIFIER = com.govender.kevashan.CharKataReaderUITests;
				PRODUCT_NAME = "$(TARGET_NAME)";
				SWIFT_EMIT_LOC_STRINGS = NO;
				SWIFT_VERSION = 5.0;
				TARGETED_DEVICE_FAMILY = "1,2";
				TEST_TARGET_NAME = CharKataReader;
			};
			name = Debug;
		};
		5724B8822C3DC9C900D7F29A /* Release */ = {
			isa = XCBuildConfiguration;
			buildSettings = {
				ALWAYS_EMBED_SWIFT_STANDARD_LIBRARIES = YES;
				CODE_SIGN_STYLE = Automatic;
				CURRENT_PROJECT_VERSION = 1;
				DEVELOPMENT_TEAM = FARSV6438P;
				GENERATE_INFOPLIST_FILE = YES;
				MARKETING_VERSION = 1.0;
				PRODUCT_BUNDLE_IDENTIFIER = com.govender.kevashan.CharKataReaderUITests;
				PRODUCT_NAME = "$(TARGET_NAME)";
				SWIFT_EMIT_LOC_STRINGS = NO;
				SWIFT_VERSION = 5.0;
				TARGETED_DEVICE_FAMILY = "1,2";
				TEST_TARGET_NAME = CharKataReader;
			};
			name = Release;
		};
/* End XCBuildConfiguration section */

/* Begin XCConfigurationList section */
		5724B8512C3DC9C800D7F29A /* Build configuration list for PBXProject "CharKataReader" */ = {
			isa = XCConfigurationList;
			buildConfigurations = (
				5724B8782C3DC9C900D7F29A /* Debug */,
				5724B8792C3DC9C900D7F29A /* Release */,
			);
			defaultConfigurationIsVisible = 0;
			defaultConfigurationName = Release;
		};
		5724B87A2C3DC9C900D7F29A /* Build configuration list for PBXNativeTarget "CharKataReader" */ = {
			isa = XCConfigurationList;
			buildConfigurations = (
				5724B87B2C3DC9C900D7F29A /* Debug */,
				5724B87C2C3DC9C900D7F29A /* Release */,
			);
			defaultConfigurationIsVisible = 0;
			defaultConfigurationName = Release;
		};
		5724B87D2C3DC9C900D7F29A /* Build configuration list for PBXNativeTarget "CharKataReaderTests" */ = {
			isa = XCConfigurationList;
			buildConfigurations = (
				5724B87E2C3DC9C900D7F29A /* Debug */,
				5724B87F2C3DC9C900D7F29A /* Release */,
			);
			defaultConfigurationIsVisible = 0;
			defaultConfigurationName = Release;
		};
		5724B8802C3DC9C900D7F29A /* Build configuration list for PBXNativeTarget "CharKataReaderUITests" */ = {
			isa = XCConfigurationList;
			buildConfigurations = (
				5724B8812C3DC9C900D7F29A /* Debug */,
				5724B8822C3DC9C900D7F29A /* Release */,
			);
			defaultConfigurationIsVisible = 0;
			defaultConfigurationName = Release;
		};
/* End XCConfigurationList section */
	};
	rootObject = 5724B84E2C3DC9C800D7F29A /* Project object */;
}
